// !$*UTF8*$!
{
	archiveVersion = 1;
	classes = {
	};
	objectVersion = 50;
	objects = {

/* Begin PBXBuildFile section */
		6DC17AAD6958D0958BB14C71 /* Pods_VisitorBook.framework in Frameworks */ = {isa = PBXBuildFile; fileRef = C232C6E640FBD6DCE8A93376 /* Pods_VisitorBook.framework */; };
		79B49A8C213F11090010952B /* AllPageViewController.swift in Sources */ = {isa = PBXBuildFile; fileRef = 79B49A8B213F11090010952B /* AllPageViewController.swift */; };
		79B49A90213F12610010952B /* UIViewController+PS.swift in Sources */ = {isa = PBXBuildFile; fileRef = 79B49A8F213F12610010952B /* UIViewController+PS.swift */; };
		79B49A922143B9760010952B /* SelectTowerAndPusposeViewController.swift in Sources */ = {isa = PBXBuildFile; fileRef = 79B49A912143B9760010952B /* SelectTowerAndPusposeViewController.swift */; };
		79B49A94214411CB0010952B /* TowerPurposeData.swift in Sources */ = {isa = PBXBuildFile; fileRef = 79B49A93214411CB0010952B /* TowerPurposeData.swift */; };
		79CF15F5213EFDCB000FAB8A /* LoginViewController.swift in Sources */ = {isa = PBXBuildFile; fileRef = 79CF15F4213EFDCB000FAB8A /* LoginViewController.swift */; };
		79F4CAFD2151739B00D0D02B /* PageSegmentViewController.swift in Sources */ = {isa = PBXBuildFile; fileRef = 79F4CAFC2151739B00D0D02B /* PageSegmentViewController.swift */; };
		79F4CAFF2151745500D0D02B /* DashBoardViewController.swift in Sources */ = {isa = PBXBuildFile; fileRef = 79F4CAFE2151745500D0D02B /* DashBoardViewController.swift */; };
		79F4CB012151746300D0D02B /* EventViewController.swift in Sources */ = {isa = PBXBuildFile; fileRef = 79F4CB002151746300D0D02B /* EventViewController.swift */; };
		79F4CB032151746F00D0D02B /* PostViewController.swift in Sources */ = {isa = PBXBuildFile; fileRef = 79F4CB022151746F00D0D02B /* PostViewController.swift */; };
		79F4CB052151777700D0D02B /* ResidentOTPViewController.swift in Sources */ = {isa = PBXBuildFile; fileRef = 79F4CB042151777700D0D02B /* ResidentOTPViewController.swift */; };
		79FE29CE213DAD9500CE95CE /* VisitorBook.xcdatamodeld in Sources */ = {isa = PBXBuildFile; fileRef = 79FE29BF213DAD9500CE95CE /* VisitorBook.xcdatamodeld */; };
		79FE29D0213DAD9500CE95CE /* Assets.xcassets in Resources */ = {isa = PBXBuildFile; fileRef = 79FE29C2213DAD9500CE95CE /* Assets.xcassets */; };
		79FE29D1213DAD9500CE95CE /* LaunchScreen.storyboard in Resources */ = {isa = PBXBuildFile; fileRef = 79FE29C3213DAD9500CE95CE /* LaunchScreen.storyboard */; };
		79FE29D2213DAD9500CE95CE /* Main.storyboard in Resources */ = {isa = PBXBuildFile; fileRef = 79FE29C5213DAD9500CE95CE /* Main.storyboard */; };
		79FE29D3213DAD9500CE95CE /* AppDelegate.swift in Sources */ = {isa = PBXBuildFile; fileRef = 79FE29C7213DAD9500CE95CE /* AppDelegate.swift */; };
		79FE29D4213DAD9500CE95CE /* Info.plist in Resources */ = {isa = PBXBuildFile; fileRef = 79FE29C8213DAD9500CE95CE /* Info.plist */; };
		79FE29DF213DC70400CE95CE /* ViewController.swift in Sources */ = {isa = PBXBuildFile; fileRef = 79FE29DD213DC70400CE95CE /* ViewController.swift */; };
		79FE29E1213DC7AE00CE95CE /* CommanFunctions.swift in Sources */ = {isa = PBXBuildFile; fileRef = 79FE29E0213DC7AE00CE95CE /* CommanFunctions.swift */; };
		79FE29E5213DCFCC00CE95CE /* DesignableUITextField.swift in Sources */ = {isa = PBXBuildFile; fileRef = 79FE29E4213DCFCC00CE95CE /* DesignableUITextField.swift */; };
		E909C60421426B6E00E8A0D6 /* OldVisitorConfirmScreenViewController.swift in Sources */ = {isa = PBXBuildFile; fileRef = E909C60321426B6E00E8A0D6 /* OldVisitorConfirmScreenViewController.swift */; };
		E92FDB3721516006003AEE58 /* ResidentDashboardData.swift in Sources */ = {isa = PBXBuildFile; fileRef = E92FDB3621516006003AEE58 /* ResidentDashboardData.swift */; };
		E92FDB392151637E003AEE58 /* ResidentData.swift in Sources */ = {isa = PBXBuildFile; fileRef = E92FDB382151637E003AEE58 /* ResidentData.swift */; };
		E92FDB4521522CCA003AEE58 /* LeftMenuViewController.swift in Sources */ = {isa = PBXBuildFile; fileRef = E92FDB4421522CCA003AEE58 /* LeftMenuViewController.swift */; };
		E92FDB47215233A2003AEE58 /* HeaderViewViewController.swift in Sources */ = {isa = PBXBuildFile; fileRef = E92FDB46215233A2003AEE58 /* HeaderViewViewController.swift */; };
		E95D1C892146B33900B3CC85 /* PendingVisitViewController.swift in Sources */ = {isa = PBXBuildFile; fileRef = E95D1C882146B33900B3CC85 /* PendingVisitViewController.swift */; };
		E96E5EFD2152B64D008415D8 /* QuickActionTableViewCell.swift in Sources */ = {isa = PBXBuildFile; fileRef = E96E5EFB2152B64D008415D8 /* QuickActionTableViewCell.swift */; };
		E96E5EFE2152B64D008415D8 /* QuickActionTableViewCell.xib in Resources */ = {isa = PBXBuildFile; fileRef = E96E5EFC2152B64D008415D8 /* QuickActionTableViewCell.xib */; };
		E97E21232146D69800135CDA /* PendingVisitData.swift in Sources */ = {isa = PBXBuildFile; fileRef = E97E21222146D69800135CDA /* PendingVisitData.swift */; };
		E97E212521479A5300135CDA /* ExitCodeViewController.swift in Sources */ = {isa = PBXBuildFile; fileRef = E97E212421479A5300135CDA /* ExitCodeViewController.swift */; };
		E97E212721479B8A00135CDA /* EnterVehicleViewController.swift in Sources */ = {isa = PBXBuildFile; fileRef = E97E212621479B8A00135CDA /* EnterVehicleViewController.swift */; };
		E97E212A21479CB300135CDA /* UserDetailView.swift in Sources */ = {isa = PBXBuildFile; fileRef = E97E212921479CB300135CDA /* UserDetailView.swift */; };
		E97E212C21479CD600135CDA /* UserDetailView.xib in Resources */ = {isa = PBXBuildFile; fileRef = E97E212B21479CD600135CDA /* UserDetailView.xib */; };
		E97E212E2147A2AD00135CDA /* VehicleDetailView.xib in Resources */ = {isa = PBXBuildFile; fileRef = E97E212D2147A2AD00135CDA /* VehicleDetailView.xib */; };
		E97E21302147A2BE00135CDA /* VehicleDetailView.swift in Sources */ = {isa = PBXBuildFile; fileRef = E97E212F2147A2BE00135CDA /* VehicleDetailView.swift */; };
		E97E2137214803FD00135CDA /* VehicleData.swift in Sources */ = {isa = PBXBuildFile; fileRef = E97E2136214803FD00135CDA /* VehicleData.swift */; };
		E98C4A4D213FEE90006202FA /* HTTPClient.swift in Sources */ = {isa = PBXBuildFile; fileRef = E98C4A4B213FEE90006202FA /* HTTPClient.swift */; };
		E98C4A56213FEF92006202FA /* UIImage+PS.swift in Sources */ = {isa = PBXBuildFile; fileRef = E98C4A4F213FEF92006202FA /* UIImage+PS.swift */; };
		E98C4A57213FEF92006202FA /* UIView+PS.swift in Sources */ = {isa = PBXBuildFile; fileRef = E98C4A50213FEF92006202FA /* UIView+PS.swift */; };
		E98C4A58213FEF92006202FA /* UIColor+PS.swift in Sources */ = {isa = PBXBuildFile; fileRef = E98C4A51213FEF92006202FA /* UIColor+PS.swift */; };
		E98C4A59213FEF92006202FA /* UIFont+PS.swift in Sources */ = {isa = PBXBuildFile; fileRef = E98C4A52213FEF92006202FA /* UIFont+PS.swift */; };
		E98C4A5A213FEF92006202FA /* NSString+PS.swift in Sources */ = {isa = PBXBuildFile; fileRef = E98C4A53213FEF92006202FA /* NSString+PS.swift */; };
		E98C4A5B213FEF92006202FA /* UIButton+PS.swift in Sources */ = {isa = PBXBuildFile; fileRef = E98C4A54213FEF92006202FA /* UIButton+PS.swift */; };
		E98C4A5C213FEF92006202FA /* NSDate+PS.swift in Sources */ = {isa = PBXBuildFile; fileRef = E98C4A55213FEF92006202FA /* NSDate+PS.swift */; };
		E98C4A60213FF084006202FA /* PSValidator.swift in Sources */ = {isa = PBXBuildFile; fileRef = E98C4A5F213FF083006202FA /* PSValidator.swift */; };
		E98C4A63213FF457006202FA /* AppConstants.swift in Sources */ = {isa = PBXBuildFile; fileRef = E98C4A62213FF456006202FA /* AppConstants.swift */; };
		E98C4A67213FFC5E006202FA /* AppIntializer.swift in Sources */ = {isa = PBXBuildFile; fileRef = E98C4A66213FFC5E006202FA /* AppIntializer.swift */; };
		E98C4A69213FFFEA006202FA /* PSServiceManager.swift in Sources */ = {isa = PBXBuildFile; fileRef = E98C4A68213FFFEA006202FA /* PSServiceManager.swift */; };
		E98C4A7221402982006202FA /* VisitorUsers.swift in Sources */ = {isa = PBXBuildFile; fileRef = E98C4A7121402982006202FA /* VisitorUsers.swift */; };
		E98C4A7421403ADC006202FA /* RegisterViewController.swift in Sources */ = {isa = PBXBuildFile; fileRef = E98C4A7321403ADC006202FA /* RegisterViewController.swift */; };
		E98C4A7621403B0D006202FA /* ForgotPasswordViewController.swift in Sources */ = {isa = PBXBuildFile; fileRef = E98C4A7521403B0D006202FA /* ForgotPasswordViewController.swift */; };
		E9929C83214AD4570034550F /* PasswordChangeViewController.swift in Sources */ = {isa = PBXBuildFile; fileRef = E9929C82214AD4570034550F /* PasswordChangeViewController.swift */; };
		E9929C85214ADA7E0034550F /* DailySOSViewController.swift in Sources */ = {isa = PBXBuildFile; fileRef = E9929C84214ADA7E0034550F /* DailySOSViewController.swift */; };
		E9929C8A214ADC510034550F /* DotViewMenu.xib in Resources */ = {isa = PBXBuildFile; fileRef = E9929C88214ADC510034550F /* DotViewMenu.xib */; };
		E9929C8B214ADC510034550F /* DotViewMenu.swift in Sources */ = {isa = PBXBuildFile; fileRef = E9929C89214ADC510034550F /* DotViewMenu.swift */; };
		E9929C8F214ADCB40034550F /* DailySOSTableViewCell.swift in Sources */ = {isa = PBXBuildFile; fileRef = E9929C8D214ADCB40034550F /* DailySOSTableViewCell.swift */; };
		E9929C90214ADCB40034550F /* DailySOSTableViewCell.xib in Resources */ = {isa = PBXBuildFile; fileRef = E9929C8E214ADCB40034550F /* DailySOSTableViewCell.xib */; };
		E9929C92214AE6740034550F /* DailySOSImageView.xib in Resources */ = {isa = PBXBuildFile; fileRef = E9929C91214AE6740034550F /* DailySOSImageView.xib */; };
		E9929C94214AE6C50034550F /* DailySOSImageView.swift in Sources */ = {isa = PBXBuildFile; fileRef = E9929C93214AE6C50034550F /* DailySOSImageView.swift */; };
		E9A8F403214B99FA0015EED5 /* DailySOSData.swift in Sources */ = {isa = PBXBuildFile; fileRef = E9A8F402214B99FA0015EED5 /* DailySOSData.swift */; };
		E9B2B09F21515AAE00C7737D /* Resident.storyboard in Resources */ = {isa = PBXBuildFile; fileRef = E9B2B09E21515AAE00C7737D /* Resident.storyboard */; };
		E9D6522221413A5700B61425 /* GateKeeper.storyboard in Resources */ = {isa = PBXBuildFile; fileRef = E9D6522121413A5700B61425 /* GateKeeper.storyboard */; };
		E9D652252141443C00B61425 /* GateKeeperTabBatController.swift in Sources */ = {isa = PBXBuildFile; fileRef = E9D652242141443C00B61425 /* GateKeeperTabBatController.swift */; };
		E9D6523321416D6700B61425 /* NewVisitViewController.swift in Sources */ = {isa = PBXBuildFile; fileRef = E9D6523221416D6700B61425 /* NewVisitViewController.swift */; };
		E9D652352141A04400B61425 /* NewVisitorData.swift in Sources */ = {isa = PBXBuildFile; fileRef = E9D652342141A04400B61425 /* NewVisitorData.swift */; };
		E9D652372141A74600B61425 /* VerifyOTPViewController.swift in Sources */ = {isa = PBXBuildFile; fileRef = E9D652362141A74600B61425 /* VerifyOTPViewController.swift */; };
		E9D9BF00214282FE0004FB6E /* VisitorDetailsViewController.swift in Sources */ = {isa = PBXBuildFile; fileRef = E9D9BEFF214282FE0004FB6E /* VisitorDetailsViewController.swift */; };
		E9FEF7062146A503006F72C8 /* PendingVisitTableViewCell.swift in Sources */ = {isa = PBXBuildFile; fileRef = E9FEF7042146A503006F72C8 /* PendingVisitTableViewCell.swift */; };
		E9FEF7072146A503006F72C8 /* PendingVisitTableViewCell.xib in Resources */ = {isa = PBXBuildFile; fileRef = E9FEF7052146A503006F72C8 /* PendingVisitTableViewCell.xib */; };
/* End PBXBuildFile section */

/* Begin PBXFileReference section */
		2E66423D006BD9857E3CDB4B /* Pods-VisitorBook.release.xcconfig */ = {isa = PBXFileReference; includeInIndex = 1; lastKnownFileType = text.xcconfig; name = "Pods-VisitorBook.release.xcconfig"; path = "Pods/Target Support Files/Pods-VisitorBook/Pods-VisitorBook.release.xcconfig"; sourceTree = "<group>"; };
		40360B1922E8AAD2C2BA88F6 /* Pods-VisitorBook.debug.xcconfig */ = {isa = PBXFileReference; includeInIndex = 1; lastKnownFileType = text.xcconfig; name = "Pods-VisitorBook.debug.xcconfig"; path = "Pods/Target Support Files/Pods-VisitorBook/Pods-VisitorBook.debug.xcconfig"; sourceTree = "<group>"; };
		79B49A8B213F11090010952B /* AllPageViewController.swift */ = {isa = PBXFileReference; lastKnownFileType = sourcecode.swift; path = AllPageViewController.swift; sourceTree = "<group>"; };
		79B49A8F213F12610010952B /* UIViewController+PS.swift */ = {isa = PBXFileReference; lastKnownFileType = sourcecode.swift; path = "UIViewController+PS.swift"; sourceTree = "<group>"; };
		79B49A912143B9760010952B /* SelectTowerAndPusposeViewController.swift */ = {isa = PBXFileReference; lastKnownFileType = sourcecode.swift; path = SelectTowerAndPusposeViewController.swift; sourceTree = "<group>"; };
		79B49A93214411CB0010952B /* TowerPurposeData.swift */ = {isa = PBXFileReference; lastKnownFileType = sourcecode.swift; path = TowerPurposeData.swift; sourceTree = "<group>"; };
		79CF15F4213EFDCB000FAB8A /* LoginViewController.swift */ = {isa = PBXFileReference; lastKnownFileType = sourcecode.swift; path = LoginViewController.swift; sourceTree = "<group>"; };
		79F4CAFC2151739B00D0D02B /* PageSegmentViewController.swift */ = {isa = PBXFileReference; lastKnownFileType = sourcecode.swift; path = PageSegmentViewController.swift; sourceTree = "<group>"; };
		79F4CAFE2151745500D0D02B /* DashBoardViewController.swift */ = {isa = PBXFileReference; lastKnownFileType = sourcecode.swift; path = DashBoardViewController.swift; sourceTree = "<group>"; };
		79F4CB002151746300D0D02B /* EventViewController.swift */ = {isa = PBXFileReference; lastKnownFileType = sourcecode.swift; path = EventViewController.swift; sourceTree = "<group>"; };
		79F4CB022151746F00D0D02B /* PostViewController.swift */ = {isa = PBXFileReference; lastKnownFileType = sourcecode.swift; path = PostViewController.swift; sourceTree = "<group>"; };
		79F4CB042151777700D0D02B /* ResidentOTPViewController.swift */ = {isa = PBXFileReference; lastKnownFileType = sourcecode.swift; path = ResidentOTPViewController.swift; sourceTree = "<group>"; };
		79FE29A4213DABAB00CE95CE /* VisitorBook.app */ = {isa = PBXFileReference; explicitFileType = wrapper.application; includeInIndex = 0; path = VisitorBook.app; sourceTree = BUILT_PRODUCTS_DIR; };
		79FE29C0213DAD9500CE95CE /* VisitorBook.xcdatamodel */ = {isa = PBXFileReference; lastKnownFileType = wrapper.xcdatamodel; path = VisitorBook.xcdatamodel; sourceTree = "<group>"; };
		79FE29C2213DAD9500CE95CE /* Assets.xcassets */ = {isa = PBXFileReference; lastKnownFileType = folder.assetcatalog; path = Assets.xcassets; sourceTree = "<group>"; };
		79FE29C4213DAD9500CE95CE /* Base */ = {isa = PBXFileReference; lastKnownFileType = file.storyboard; name = Base; path = Base.lproj/LaunchScreen.storyboard; sourceTree = "<group>"; };
		79FE29C6213DAD9500CE95CE /* Base */ = {isa = PBXFileReference; lastKnownFileType = file.storyboard; name = Base; path = Base.lproj/Main.storyboard; sourceTree = "<group>"; };
		79FE29C7213DAD9500CE95CE /* AppDelegate.swift */ = {isa = PBXFileReference; fileEncoding = 4; lastKnownFileType = sourcecode.swift; path = AppDelegate.swift; sourceTree = "<group>"; };
		79FE29C8213DAD9500CE95CE /* Info.plist */ = {isa = PBXFileReference; fileEncoding = 4; lastKnownFileType = text.plist.xml; path = Info.plist; sourceTree = "<group>"; };
		79FE29DD213DC70400CE95CE /* ViewController.swift */ = {isa = PBXFileReference; fileEncoding = 4; lastKnownFileType = sourcecode.swift; path = ViewController.swift; sourceTree = "<group>"; };
		79FE29E0213DC7AE00CE95CE /* CommanFunctions.swift */ = {isa = PBXFileReference; lastKnownFileType = sourcecode.swift; path = CommanFunctions.swift; sourceTree = "<group>"; };
		79FE29E4213DCFCC00CE95CE /* DesignableUITextField.swift */ = {isa = PBXFileReference; lastKnownFileType = sourcecode.swift; path = DesignableUITextField.swift; sourceTree = "<group>"; };
		C232C6E640FBD6DCE8A93376 /* Pods_VisitorBook.framework */ = {isa = PBXFileReference; explicitFileType = wrapper.framework; includeInIndex = 0; path = Pods_VisitorBook.framework; sourceTree = BUILT_PRODUCTS_DIR; };
		E909C60321426B6E00E8A0D6 /* OldVisitorConfirmScreenViewController.swift */ = {isa = PBXFileReference; lastKnownFileType = sourcecode.swift; path = OldVisitorConfirmScreenViewController.swift; sourceTree = "<group>"; };
		E92FDB3621516006003AEE58 /* ResidentDashboardData.swift */ = {isa = PBXFileReference; lastKnownFileType = sourcecode.swift; path = ResidentDashboardData.swift; sourceTree = "<group>"; };
		E92FDB382151637E003AEE58 /* ResidentData.swift */ = {isa = PBXFileReference; lastKnownFileType = sourcecode.swift; path = ResidentData.swift; sourceTree = "<group>"; };
		E92FDB4421522CCA003AEE58 /* LeftMenuViewController.swift */ = {isa = PBXFileReference; lastKnownFileType = sourcecode.swift; path = LeftMenuViewController.swift; sourceTree = "<group>"; };
		E92FDB46215233A2003AEE58 /* HeaderViewViewController.swift */ = {isa = PBXFileReference; lastKnownFileType = sourcecode.swift; path = HeaderViewViewController.swift; sourceTree = "<group>"; };
		E95D1C882146B33900B3CC85 /* PendingVisitViewController.swift */ = {isa = PBXFileReference; lastKnownFileType = sourcecode.swift; path = PendingVisitViewController.swift; sourceTree = "<group>"; };
		E96E5EFB2152B64D008415D8 /* QuickActionTableViewCell.swift */ = {isa = PBXFileReference; lastKnownFileType = sourcecode.swift; path = QuickActionTableViewCell.swift; sourceTree = "<group>"; };
		E96E5EFC2152B64D008415D8 /* QuickActionTableViewCell.xib */ = {isa = PBXFileReference; lastKnownFileType = file.xib; path = QuickActionTableViewCell.xib; sourceTree = "<group>"; };
		E97E21222146D69800135CDA /* PendingVisitData.swift */ = {isa = PBXFileReference; lastKnownFileType = sourcecode.swift; path = PendingVisitData.swift; sourceTree = "<group>"; };
		E97E212421479A5300135CDA /* ExitCodeViewController.swift */ = {isa = PBXFileReference; lastKnownFileType = sourcecode.swift; path = ExitCodeViewController.swift; sourceTree = "<group>"; };
		E97E212621479B8A00135CDA /* EnterVehicleViewController.swift */ = {isa = PBXFileReference; lastKnownFileType = sourcecode.swift; path = EnterVehicleViewController.swift; sourceTree = "<group>"; };
		E97E212921479CB300135CDA /* UserDetailView.swift */ = {isa = PBXFileReference; lastKnownFileType = sourcecode.swift; path = UserDetailView.swift; sourceTree = "<group>"; };
		E97E212B21479CD600135CDA /* UserDetailView.xib */ = {isa = PBXFileReference; lastKnownFileType = file.xib; path = UserDetailView.xib; sourceTree = "<group>"; };
		E97E212D2147A2AD00135CDA /* VehicleDetailView.xib */ = {isa = PBXFileReference; lastKnownFileType = file.xib; path = VehicleDetailView.xib; sourceTree = "<group>"; };
		E97E212F2147A2BE00135CDA /* VehicleDetailView.swift */ = {isa = PBXFileReference; lastKnownFileType = sourcecode.swift; path = VehicleDetailView.swift; sourceTree = "<group>"; };
		E97E2136214803FD00135CDA /* VehicleData.swift */ = {isa = PBXFileReference; lastKnownFileType = sourcecode.swift; path = VehicleData.swift; sourceTree = "<group>"; };
		E98C4A4B213FEE90006202FA /* HTTPClient.swift */ = {isa = PBXFileReference; fileEncoding = 4; lastKnownFileType = sourcecode.swift; path = HTTPClient.swift; sourceTree = "<group>"; };
		E98C4A4F213FEF92006202FA /* UIImage+PS.swift */ = {isa = PBXFileReference; fileEncoding = 4; lastKnownFileType = sourcecode.swift; path = "UIImage+PS.swift"; sourceTree = "<group>"; };
		E98C4A50213FEF92006202FA /* UIView+PS.swift */ = {isa = PBXFileReference; fileEncoding = 4; lastKnownFileType = sourcecode.swift; path = "UIView+PS.swift"; sourceTree = "<group>"; };
		E98C4A51213FEF92006202FA /* UIColor+PS.swift */ = {isa = PBXFileReference; fileEncoding = 4; lastKnownFileType = sourcecode.swift; path = "UIColor+PS.swift"; sourceTree = "<group>"; };
		E98C4A52213FEF92006202FA /* UIFont+PS.swift */ = {isa = PBXFileReference; fileEncoding = 4; lastKnownFileType = sourcecode.swift; path = "UIFont+PS.swift"; sourceTree = "<group>"; };
		E98C4A53213FEF92006202FA /* NSString+PS.swift */ = {isa = PBXFileReference; fileEncoding = 4; lastKnownFileType = sourcecode.swift; path = "NSString+PS.swift"; sourceTree = "<group>"; };
		E98C4A54213FEF92006202FA /* UIButton+PS.swift */ = {isa = PBXFileReference; fileEncoding = 4; lastKnownFileType = sourcecode.swift; path = "UIButton+PS.swift"; sourceTree = "<group>"; };
		E98C4A55213FEF92006202FA /* NSDate+PS.swift */ = {isa = PBXFileReference; fileEncoding = 4; lastKnownFileType = sourcecode.swift; path = "NSDate+PS.swift"; sourceTree = "<group>"; };
		E98C4A5F213FF083006202FA /* PSValidator.swift */ = {isa = PBXFileReference; fileEncoding = 4; lastKnownFileType = sourcecode.swift; path = PSValidator.swift; sourceTree = "<group>"; };
		E98C4A62213FF456006202FA /* AppConstants.swift */ = {isa = PBXFileReference; fileEncoding = 4; lastKnownFileType = sourcecode.swift; path = AppConstants.swift; sourceTree = "<group>"; };
		E98C4A66213FFC5E006202FA /* AppIntializer.swift */ = {isa = PBXFileReference; lastKnownFileType = sourcecode.swift; path = AppIntializer.swift; sourceTree = "<group>"; };
		E98C4A68213FFFEA006202FA /* PSServiceManager.swift */ = {isa = PBXFileReference; fileEncoding = 4; lastKnownFileType = sourcecode.swift; path = PSServiceManager.swift; sourceTree = "<group>"; };
		E98C4A7121402982006202FA /* VisitorUsers.swift */ = {isa = PBXFileReference; lastKnownFileType = sourcecode.swift; path = VisitorUsers.swift; sourceTree = "<group>"; };
		E98C4A7321403ADC006202FA /* RegisterViewController.swift */ = {isa = PBXFileReference; lastKnownFileType = sourcecode.swift; path = RegisterViewController.swift; sourceTree = "<group>"; };
		E98C4A7521403B0D006202FA /* ForgotPasswordViewController.swift */ = {isa = PBXFileReference; lastKnownFileType = sourcecode.swift; path = ForgotPasswordViewController.swift; sourceTree = "<group>"; };
		E9929C82214AD4570034550F /* PasswordChangeViewController.swift */ = {isa = PBXFileReference; lastKnownFileType = sourcecode.swift; path = PasswordChangeViewController.swift; sourceTree = "<group>"; };
		E9929C84214ADA7E0034550F /* DailySOSViewController.swift */ = {isa = PBXFileReference; lastKnownFileType = sourcecode.swift; path = DailySOSViewController.swift; sourceTree = "<group>"; };
		E9929C88214ADC510034550F /* DotViewMenu.xib */ = {isa = PBXFileReference; fileEncoding = 4; lastKnownFileType = file.xib; path = DotViewMenu.xib; sourceTree = "<group>"; };
		E9929C89214ADC510034550F /* DotViewMenu.swift */ = {isa = PBXFileReference; fileEncoding = 4; lastKnownFileType = sourcecode.swift; path = DotViewMenu.swift; sourceTree = "<group>"; };
		E9929C8D214ADCB40034550F /* DailySOSTableViewCell.swift */ = {isa = PBXFileReference; lastKnownFileType = sourcecode.swift; path = DailySOSTableViewCell.swift; sourceTree = "<group>"; };
		E9929C8E214ADCB40034550F /* DailySOSTableViewCell.xib */ = {isa = PBXFileReference; lastKnownFileType = file.xib; path = DailySOSTableViewCell.xib; sourceTree = "<group>"; };
		E9929C91214AE6740034550F /* DailySOSImageView.xib */ = {isa = PBXFileReference; lastKnownFileType = file.xib; path = DailySOSImageView.xib; sourceTree = "<group>"; };
		E9929C93214AE6C50034550F /* DailySOSImageView.swift */ = {isa = PBXFileReference; lastKnownFileType = sourcecode.swift; path = DailySOSImageView.swift; sourceTree = "<group>"; };
		E9A8F402214B99FA0015EED5 /* DailySOSData.swift */ = {isa = PBXFileReference; lastKnownFileType = sourcecode.swift; path = DailySOSData.swift; sourceTree = "<group>"; };
		E9B2B09E21515AAE00C7737D /* Resident.storyboard */ = {isa = PBXFileReference; lastKnownFileType = file.storyboard; path = Resident.storyboard; sourceTree = "<group>"; };
		E9D6522121413A5700B61425 /* GateKeeper.storyboard */ = {isa = PBXFileReference; lastKnownFileType = file.storyboard; path = GateKeeper.storyboard; sourceTree = "<group>"; };
		E9D652242141443C00B61425 /* GateKeeperTabBatController.swift */ = {isa = PBXFileReference; lastKnownFileType = sourcecode.swift; path = GateKeeperTabBatController.swift; sourceTree = "<group>"; };
		E9D6523221416D6700B61425 /* NewVisitViewController.swift */ = {isa = PBXFileReference; lastKnownFileType = sourcecode.swift; path = NewVisitViewController.swift; sourceTree = "<group>"; };
		E9D652342141A04400B61425 /* NewVisitorData.swift */ = {isa = PBXFileReference; lastKnownFileType = sourcecode.swift; path = NewVisitorData.swift; sourceTree = "<group>"; };
		E9D652362141A74600B61425 /* VerifyOTPViewController.swift */ = {isa = PBXFileReference; lastKnownFileType = sourcecode.swift; path = VerifyOTPViewController.swift; sourceTree = "<group>"; };
		E9D9BEFF214282FE0004FB6E /* VisitorDetailsViewController.swift */ = {isa = PBXFileReference; lastKnownFileType = sourcecode.swift; path = VisitorDetailsViewController.swift; sourceTree = "<group>"; };
		E9FEF7042146A503006F72C8 /* PendingVisitTableViewCell.swift */ = {isa = PBXFileReference; lastKnownFileType = sourcecode.swift; path = PendingVisitTableViewCell.swift; sourceTree = "<group>"; };
		E9FEF7052146A503006F72C8 /* PendingVisitTableViewCell.xib */ = {isa = PBXFileReference; lastKnownFileType = file.xib; path = PendingVisitTableViewCell.xib; sourceTree = "<group>"; };
/* End PBXFileReference section */

/* Begin PBXFrameworksBuildPhase section */
		79FE29A1213DABAB00CE95CE /* Frameworks */ = {
			isa = PBXFrameworksBuildPhase;
			buildActionMask = 2147483647;
			files = (
				6DC17AAD6958D0958BB14C71 /* Pods_VisitorBook.framework in Frameworks */,
			);
			runOnlyForDeploymentPostprocessing = 0;
		};
/* End PBXFrameworksBuildPhase section */

/* Begin PBXGroup section */
		79B49A8D213F12240010952B /* CustomView */ = {
			isa = PBXGroup;
			children = (
				79B49A8E213F12240010952B /* Categories */,
			);
			path = CustomView;
			sourceTree = "<group>";
		};
		79B49A8E213F12240010952B /* Categories */ = {
			isa = PBXGroup;
			children = (
				E98C4A55213FEF92006202FA /* NSDate+PS.swift */,
				E98C4A53213FEF92006202FA /* NSString+PS.swift */,
				E98C4A54213FEF92006202FA /* UIButton+PS.swift */,
				E98C4A51213FEF92006202FA /* UIColor+PS.swift */,
				E98C4A52213FEF92006202FA /* UIFont+PS.swift */,
				E98C4A4F213FEF92006202FA /* UIImage+PS.swift */,
				E98C4A50213FEF92006202FA /* UIView+PS.swift */,
				79B49A8F213F12610010952B /* UIViewController+PS.swift */,
			);
			path = Categories;
			sourceTree = "<group>";
		};
		79F4CAFB2151737700D0D02B /* Resident */ = {
			isa = PBXGroup;
			children = (
				79F4CAFC2151739B00D0D02B /* PageSegmentViewController.swift */,
				79F4CAFE2151745500D0D02B /* DashBoardViewController.swift */,
				79F4CB002151746300D0D02B /* EventViewController.swift */,
				79F4CB022151746F00D0D02B /* PostViewController.swift */,
				E92FDB4421522CCA003AEE58 /* LeftMenuViewController.swift */,
				E92FDB46215233A2003AEE58 /* HeaderViewViewController.swift */,
			);
			path = Resident;
			sourceTree = "<group>";
		};
		79FE299B213DABAB00CE95CE = {
			isa = PBXGroup;
			children = (
				79FE29A6213DABAB00CE95CE /* VisitorBook */,
				79FE29A5213DABAB00CE95CE /* Products */,
				D0ABDD445AF0B61060FAF3A7 /* Pods */,
				AD2BAB78CFE7235328412D6B /* Frameworks */,
			);
			sourceTree = "<group>";
		};
		79FE29A5213DABAB00CE95CE /* Products */ = {
			isa = PBXGroup;
			children = (
				79FE29A4213DABAB00CE95CE /* VisitorBook.app */,
			);
			name = Products;
			sourceTree = "<group>";
		};
		79FE29A6213DABAB00CE95CE /* VisitorBook */ = {
			isa = PBXGroup;
			children = (
				E98C4A6D214028FE006202FA /* Model */,
				E98C4A5D213FF083006202FA /* Utility */,
				E98C4A4A213FEE90006202FA /* services */,
				79FE29DC213DC70400CE95CE /* Controllers */,
				79FE29D9213DC70400CE95CE /* Helper */,
				79B49A8D213F12240010952B /* CustomView */,
				79FE29DA213DC70400CE95CE /* Resources */,
				E9FEF7022146A4CC006F72C8 /* Screens */,
				79FE29BE213DAD9500CE95CE /* Applications */,
			);
			path = VisitorBook;
			sourceTree = "<group>";
		};
		79FE29BE213DAD9500CE95CE /* Applications */ = {
			isa = PBXGroup;
			children = (
				79FE29BF213DAD9500CE95CE /* VisitorBook.xcdatamodeld */,
				79FE29C2213DAD9500CE95CE /* Assets.xcassets */,
				79FE29C3213DAD9500CE95CE /* LaunchScreen.storyboard */,
				79FE29C5213DAD9500CE95CE /* Main.storyboard */,
				79FE29C7213DAD9500CE95CE /* AppDelegate.swift */,
				79FE29C8213DAD9500CE95CE /* Info.plist */,
				E98C4A66213FFC5E006202FA /* AppIntializer.swift */,
				E9D6522121413A5700B61425 /* GateKeeper.storyboard */,
				E9B2B09E21515AAE00C7737D /* Resident.storyboard */,
			);
			path = Applications;
			sourceTree = "<group>";
		};
		79FE29D9213DC70400CE95CE /* Helper */ = {
			isa = PBXGroup;
			children = (
				79FE29E0213DC7AE00CE95CE /* CommanFunctions.swift */,
			);
			path = Helper;
			sourceTree = "<group>";
		};
		79FE29DA213DC70400CE95CE /* Resources */ = {
			isa = PBXGroup;
			children = (
				E92FDB3A21522598003AEE58 /* SideMenu */,
				E98C4A61213FF456006202FA /* Constants */,
				79FE29E4213DCFCC00CE95CE /* DesignableUITextField.swift */,
				79B49A8B213F11090010952B /* AllPageViewController.swift */,
			);
			path = Resources;
			sourceTree = "<group>";
		};
		79FE29DC213DC70400CE95CE /* Controllers */ = {
			isa = PBXGroup;
			children = (
				79F4CAFB2151737700D0D02B /* Resident */,
				E9D652232141440D00B61425 /* GateKeeper */,
				79FE29DD213DC70400CE95CE /* ViewController.swift */,
				79CF15F4213EFDCB000FAB8A /* LoginViewController.swift */,
				E98C4A7321403ADC006202FA /* RegisterViewController.swift */,
				E98C4A7521403B0D006202FA /* ForgotPasswordViewController.swift */,
				79F4CB042151777700D0D02B /* ResidentOTPViewController.swift */,
			);
			path = Controllers;
			sourceTree = "<group>";
		};
		AD2BAB78CFE7235328412D6B /* Frameworks */ = {
			isa = PBXGroup;
			children = (
				C232C6E640FBD6DCE8A93376 /* Pods_VisitorBook.framework */,
			);
			name = Frameworks;
			sourceTree = "<group>";
		};
		D0ABDD445AF0B61060FAF3A7 /* Pods */ = {
			isa = PBXGroup;
			children = (
				40360B1922E8AAD2C2BA88F6 /* Pods-VisitorBook.debug.xcconfig */,
				2E66423D006BD9857E3CDB4B /* Pods-VisitorBook.release.xcconfig */,
			);
			name = Pods;
			sourceTree = "<group>";
		};
		E92FDB3521515FAE003AEE58 /* ResidentUsers */ = {
			isa = PBXGroup;
			children = (
				E92FDB3621516006003AEE58 /* ResidentDashboardData.swift */,
				E92FDB382151637E003AEE58 /* ResidentData.swift */,
			);
			path = ResidentUsers;
			sourceTree = "<group>";
		};
		E92FDB3A21522598003AEE58 /* SideMenu */ = {
			isa = PBXGroup;
			children = (
			);
			path = SideMenu;
			sourceTree = "<group>";
		};
		E96E5EF92152B5F8008415D8 /* Resident */ = {
			isa = PBXGroup;
			children = (
				E96E5EFA2152B610008415D8 /* QuickActionCell */,
			);
			path = Resident;
			sourceTree = "<group>";
		};
		E96E5EFA2152B610008415D8 /* QuickActionCell */ = {
			isa = PBXGroup;
			children = (
				E96E5EFB2152B64D008415D8 /* QuickActionTableViewCell.swift */,
				E96E5EFC2152B64D008415D8 /* QuickActionTableViewCell.xib */,
			);
			path = QuickActionCell;
			sourceTree = "<group>";
		};
		E97E212821479C6200135CDA /* UserDetailView */ = {
			isa = PBXGroup;
			children = (
				E97E212921479CB300135CDA /* UserDetailView.swift */,
				E97E212B21479CD600135CDA /* UserDetailView.xib */,
				E97E212F2147A2BE00135CDA /* VehicleDetailView.swift */,
				E97E212D2147A2AD00135CDA /* VehicleDetailView.xib */,
				E9929C93214AE6C50034550F /* DailySOSImageView.swift */,
				E9929C91214AE6740034550F /* DailySOSImageView.xib */,
			);
			path = UserDetailView;
			sourceTree = "<group>";
		};
		E98C4A4A213FEE90006202FA /* services */ = {
			isa = PBXGroup;
			children = (
				E98C4A68213FFFEA006202FA /* PSServiceManager.swift */,
				E98C4A4B213FEE90006202FA /* HTTPClient.swift */,
			);
			path = services;
			sourceTree = "<group>";
		};
		E98C4A5D213FF083006202FA /* Utility */ = {
			isa = PBXGroup;
			children = (
				E98C4A5E213FF083006202FA /* Validator */,
			);
			path = Utility;
			sourceTree = "<group>";
		};
		E98C4A5E213FF083006202FA /* Validator */ = {
			isa = PBXGroup;
			children = (
				E98C4A5F213FF083006202FA /* PSValidator.swift */,
			);
			path = Validator;
			sourceTree = "<group>";
		};
		E98C4A61213FF456006202FA /* Constants */ = {
			isa = PBXGroup;
			children = (
				E98C4A62213FF456006202FA /* AppConstants.swift */,
			);
			path = Constants;
			sourceTree = "<group>";
		};
		E98C4A6D214028FE006202FA /* Model */ = {
			isa = PBXGroup;
			children = (
				E92FDB3521515FAE003AEE58 /* ResidentUsers */,
				E98C4A6E214028FE006202FA /* VisitorUsers */,
			);
			path = Model;
			sourceTree = "<group>";
		};
		E98C4A6E214028FE006202FA /* VisitorUsers */ = {
			isa = PBXGroup;
			children = (
				E98C4A7121402982006202FA /* VisitorUsers.swift */,
				E9D652342141A04400B61425 /* NewVisitorData.swift */,
				79B49A93214411CB0010952B /* TowerPurposeData.swift */,
				E97E21222146D69800135CDA /* PendingVisitData.swift */,
				E97E2136214803FD00135CDA /* VehicleData.swift */,
				E9A8F402214B99FA0015EED5 /* DailySOSData.swift */,
			);
			path = VisitorUsers;
			sourceTree = "<group>";
		};
		E9929C87214ADC510034550F /* DotViewMenu */ = {
			isa = PBXGroup;
			children = (
				E9929C88214ADC510034550F /* DotViewMenu.xib */,
				E9929C89214ADC510034550F /* DotViewMenu.swift */,
			);
			path = DotViewMenu;
			sourceTree = "<group>";
		};
		E9929C8C214ADCA30034550F /* DailySOSCell */ = {
			isa = PBXGroup;
			children = (
				E9929C8D214ADCB40034550F /* DailySOSTableViewCell.swift */,
				E9929C8E214ADCB40034550F /* DailySOSTableViewCell.xib */,
			);
			path = DailySOSCell;
			sourceTree = "<group>";
		};
		E9D652232141440D00B61425 /* GateKeeper */ = {
			isa = PBXGroup;
			children = (
				E9D652242141443C00B61425 /* GateKeeperTabBatController.swift */,
				E9D6523221416D6700B61425 /* NewVisitViewController.swift */,
				E9D652362141A74600B61425 /* VerifyOTPViewController.swift */,
				E909C60321426B6E00E8A0D6 /* OldVisitorConfirmScreenViewController.swift */,
				E9D9BEFF214282FE0004FB6E /* VisitorDetailsViewController.swift */,
				79B49A912143B9760010952B /* SelectTowerAndPusposeViewController.swift */,
				E95D1C882146B33900B3CC85 /* PendingVisitViewController.swift */,
				E97E212421479A5300135CDA /* ExitCodeViewController.swift */,
				E97E212621479B8A00135CDA /* EnterVehicleViewController.swift */,
				E9929C82214AD4570034550F /* PasswordChangeViewController.swift */,
				E9929C84214ADA7E0034550F /* DailySOSViewController.swift */,
			);
			path = GateKeeper;
			sourceTree = "<group>";
		};
		E9FEF7022146A4CC006F72C8 /* Screens */ = {
			isa = PBXGroup;
			children = (
				E96E5EF92152B5F8008415D8 /* Resident */,
				E9929C8C214ADCA30034550F /* DailySOSCell */,
				E9929C87214ADC510034550F /* DotViewMenu */,
				E97E212821479C6200135CDA /* UserDetailView */,
				E9FEF7032146A4CC006F72C8 /* PendingVisitCell */,
			);
			path = Screens;
			sourceTree = "<group>";
		};
		E9FEF7032146A4CC006F72C8 /* PendingVisitCell */ = {
			isa = PBXGroup;
			children = (
				E9FEF7042146A503006F72C8 /* PendingVisitTableViewCell.swift */,
				E9FEF7052146A503006F72C8 /* PendingVisitTableViewCell.xib */,
			);
			path = PendingVisitCell;
			sourceTree = "<group>";
		};
/* End PBXGroup section */

/* Begin PBXNativeTarget section */
		79FE29A3213DABAB00CE95CE /* VisitorBook */ = {
			isa = PBXNativeTarget;
			buildConfigurationList = 79FE29B9213DABAC00CE95CE /* Build configuration list for PBXNativeTarget "VisitorBook" */;
			buildPhases = (
				31D88A874BF83144EB11310B /* [CP] Check Pods Manifest.lock */,
				79FE29A0213DABAB00CE95CE /* Sources */,
				79FE29A1213DABAB00CE95CE /* Frameworks */,
				79FE29A2213DABAB00CE95CE /* Resources */,
				E5E47A2DB6A90EB7D5CE1F1F /* [CP] Embed Pods Frameworks */,
				0FD972E707A7DD40E82D0C5D /* [CP] Copy Pods Resources */,
			);
			buildRules = (
			);
			dependencies = (
			);
			name = VisitorBook;
			productName = VisitorBook;
			productReference = 79FE29A4213DABAB00CE95CE /* VisitorBook.app */;
			productType = "com.apple.product-type.application";
		};
/* End PBXNativeTarget section */

/* Begin PBXProject section */
		79FE299C213DABAB00CE95CE /* Project object */ = {
			isa = PBXProject;
			attributes = {
				LastSwiftUpdateCheck = 0940;
				LastUpgradeCheck = 0940;
				ORGANIZATIONNAME = "Praveen Sharma";
				TargetAttributes = {
					79FE29A3213DABAB00CE95CE = {
						CreatedOnToolsVersion = 9.4.1;
					};
				};
			};
			buildConfigurationList = 79FE299F213DABAB00CE95CE /* Build configuration list for PBXProject "VisitorBook" */;
			compatibilityVersion = "Xcode 9.3";
			developmentRegion = en;
			hasScannedForEncodings = 0;
			knownRegions = (
				en,
				Base,
			);
			mainGroup = 79FE299B213DABAB00CE95CE;
			productRefGroup = 79FE29A5213DABAB00CE95CE /* Products */;
			projectDirPath = "";
			projectRoot = "";
			targets = (
				79FE29A3213DABAB00CE95CE /* VisitorBook */,
			);
		};
/* End PBXProject section */

/* Begin PBXResourcesBuildPhase section */
		79FE29A2213DABAB00CE95CE /* Resources */ = {
			isa = PBXResourcesBuildPhase;
			buildActionMask = 2147483647;
			files = (
				79FE29D4213DAD9500CE95CE /* Info.plist in Resources */,
				E9929C90214ADCB40034550F /* DailySOSTableViewCell.xib in Resources */,
				79FE29D2213DAD9500CE95CE /* Main.storyboard in Resources */,
				E9D6522221413A5700B61425 /* GateKeeper.storyboard in Resources */,
				E97E212C21479CD600135CDA /* UserDetailView.xib in Resources */,
				E97E212E2147A2AD00135CDA /* VehicleDetailView.xib in Resources */,
				E9929C92214AE6740034550F /* DailySOSImageView.xib in Resources */,
				E9929C8A214ADC510034550F /* DotViewMenu.xib in Resources */,
				E9B2B09F21515AAE00C7737D /* Resident.storyboard in Resources */,
				79FE29D0213DAD9500CE95CE /* Assets.xcassets in Resources */,
				79FE29D1213DAD9500CE95CE /* LaunchScreen.storyboard in Resources */,
				E96E5EFE2152B64D008415D8 /* QuickActionTableViewCell.xib in Resources */,
				E9FEF7072146A503006F72C8 /* PendingVisitTableViewCell.xib in Resources */,
			);
			runOnlyForDeploymentPostprocessing = 0;
		};
/* End PBXResourcesBuildPhase section */

/* Begin PBXShellScriptBuildPhase section */
		0FD972E707A7DD40E82D0C5D /* [CP] Copy Pods Resources */ = {
			isa = PBXShellScriptBuildPhase;
			buildActionMask = 2147483647;
			files = (
			);
			inputPaths = (
				"${SRCROOT}/Pods/Target Support Files/Pods-VisitorBook/Pods-VisitorBook-resources.sh",
				"${PODS_ROOT}/IQKeyboardManagerSwift/IQKeyboardManagerSwift/Resources/IQKeyboardManager.bundle",
			);
			name = "[CP] Copy Pods Resources";
			outputPaths = (
				"${TARGET_BUILD_DIR}/${UNLOCALIZED_RESOURCES_FOLDER_PATH}/IQKeyboardManager.bundle",
			);
			runOnlyForDeploymentPostprocessing = 0;
			shellPath = /bin/sh;
			shellScript = "\"${SRCROOT}/Pods/Target Support Files/Pods-VisitorBook/Pods-VisitorBook-resources.sh\"\n";
			showEnvVarsInLog = 0;
		};
		31D88A874BF83144EB11310B /* [CP] Check Pods Manifest.lock */ = {
			isa = PBXShellScriptBuildPhase;
			buildActionMask = 2147483647;
			files = (
			);
			inputPaths = (
				"${PODS_PODFILE_DIR_PATH}/Podfile.lock",
				"${PODS_ROOT}/Manifest.lock",
			);
			name = "[CP] Check Pods Manifest.lock";
			outputPaths = (
				"$(DERIVED_FILE_DIR)/Pods-VisitorBook-checkManifestLockResult.txt",
			);
			runOnlyForDeploymentPostprocessing = 0;
			shellPath = /bin/sh;
			shellScript = "diff \"${PODS_PODFILE_DIR_PATH}/Podfile.lock\" \"${PODS_ROOT}/Manifest.lock\" > /dev/null\nif [ $? != 0 ] ; then\n    # print error to STDERR\n    echo \"error: The sandbox is not in sync with the Podfile.lock. Run 'pod install' or update your CocoaPods installation.\" >&2\n    exit 1\nfi\n# This output is used by Xcode 'outputs' to avoid re-running this script phase.\necho \"SUCCESS\" > \"${SCRIPT_OUTPUT_FILE_0}\"\n";
			showEnvVarsInLog = 0;
		};
		E5E47A2DB6A90EB7D5CE1F1F /* [CP] Embed Pods Frameworks */ = {
			isa = PBXShellScriptBuildPhase;
			buildActionMask = 2147483647;
			files = (
			);
			inputPaths = (
				"${SRCROOT}/Pods/Target Support Files/Pods-VisitorBook/Pods-VisitorBook-frameworks.sh",
				"${BUILT_PRODUCTS_DIR}/Alamofire/Alamofire.framework",
				"${BUILT_PRODUCTS_DIR}/IQKeyboardManagerSwift/IQKeyboardManagerSwift.framework",
				"${BUILT_PRODUCTS_DIR}/PGSideMenu/PGSideMenu.framework",
				"${BUILT_PRODUCTS_DIR}/SDWebImage/SDWebImage.framework",
				"${BUILT_PRODUCTS_DIR}/SJSegmentedScrollView/SJSegmentedScrollView.framework",
				"${BUILT_PRODUCTS_DIR}/SRCountdownTimer/SRCountdownTimer.framework",
				"${BUILT_PRODUCTS_DIR}/SVProgressHUD/SVProgressHUD.framework",
				"${BUILT_PRODUCTS_DIR}/SwiftMessages/SwiftMessages.framework",
				"${BUILT_PRODUCTS_DIR}/SwiftyJSON/SwiftyJSON.framework",
				"${BUILT_PRODUCTS_DIR}/pop/pop.framework",
			);
			name = "[CP] Embed Pods Frameworks";
			outputPaths = (
				"${TARGET_BUILD_DIR}/${FRAMEWORKS_FOLDER_PATH}/Alamofire.framework",
				"${TARGET_BUILD_DIR}/${FRAMEWORKS_FOLDER_PATH}/IQKeyboardManagerSwift.framework",
				"${TARGET_BUILD_DIR}/${FRAMEWORKS_FOLDER_PATH}/PGSideMenu.framework",
				"${TARGET_BUILD_DIR}/${FRAMEWORKS_FOLDER_PATH}/SDWebImage.framework",
				"${TARGET_BUILD_DIR}/${FRAMEWORKS_FOLDER_PATH}/SJSegmentedScrollView.framework",
				"${TARGET_BUILD_DIR}/${FRAMEWORKS_FOLDER_PATH}/SRCountdownTimer.framework",
				"${TARGET_BUILD_DIR}/${FRAMEWORKS_FOLDER_PATH}/SVProgressHUD.framework",
				"${TARGET_BUILD_DIR}/${FRAMEWORKS_FOLDER_PATH}/SwiftMessages.framework",
				"${TARGET_BUILD_DIR}/${FRAMEWORKS_FOLDER_PATH}/SwiftyJSON.framework",
				"${TARGET_BUILD_DIR}/${FRAMEWORKS_FOLDER_PATH}/pop.framework",
			);
			runOnlyForDeploymentPostprocessing = 0;
			shellPath = /bin/sh;
			shellScript = "\"${SRCROOT}/Pods/Target Support Files/Pods-VisitorBook/Pods-VisitorBook-frameworks.sh\"\n";
			showEnvVarsInLog = 0;
		};
/* End PBXShellScriptBuildPhase section */

/* Begin PBXSourcesBuildPhase section */
		79FE29A0213DABAB00CE95CE /* Sources */ = {
			isa = PBXSourcesBuildPhase;
			buildActionMask = 2147483647;
			files = (
				E97E212521479A5300135CDA /* ExitCodeViewController.swift in Sources */,
				E98C4A63213FF457006202FA /* AppConstants.swift in Sources */,
				E96E5EFD2152B64D008415D8 /* QuickActionTableViewCell.swift in Sources */,
				E97E21232146D69800135CDA /* PendingVisitData.swift in Sources */,
				79F4CB032151746F00D0D02B /* PostViewController.swift in Sources */,
				79F4CAFF2151745500D0D02B /* DashBoardViewController.swift in Sources */,
				E9929C85214ADA7E0034550F /* DailySOSViewController.swift in Sources */,
				E98C4A7621403B0D006202FA /* ForgotPasswordViewController.swift in Sources */,
				E98C4A7421403ADC006202FA /* RegisterViewController.swift in Sources */,
				79B49A94214411CB0010952B /* TowerPurposeData.swift in Sources */,
				E97E21302147A2BE00135CDA /* VehicleDetailView.swift in Sources */,
				79CF15F5213EFDCB000FAB8A /* LoginViewController.swift in Sources */,
				E9929C8B214ADC510034550F /* DotViewMenu.swift in Sources */,
				E92FDB4521522CCA003AEE58 /* LeftMenuViewController.swift in Sources */,
				E97E2137214803FD00135CDA /* VehicleData.swift in Sources */,
				E98C4A60213FF084006202FA /* PSValidator.swift in Sources */,
				E98C4A69213FFFEA006202FA /* PSServiceManager.swift in Sources */,
				E98C4A5A213FEF92006202FA /* NSString+PS.swift in Sources */,
				E98C4A57213FEF92006202FA /* UIView+PS.swift in Sources */,
				79B49A922143B9760010952B /* SelectTowerAndPusposeViewController.swift in Sources */,
				79FE29E5213DCFCC00CE95CE /* DesignableUITextField.swift in Sources */,
				E98C4A5B213FEF92006202FA /* UIButton+PS.swift in Sources */,
				E909C60421426B6E00E8A0D6 /* OldVisitorConfirmScreenViewController.swift in Sources */,
				79FE29E1213DC7AE00CE95CE /* CommanFunctions.swift in Sources */,
				E97E212721479B8A00135CDA /* EnterVehicleViewController.swift in Sources */,
				E9929C8F214ADCB40034550F /* DailySOSTableViewCell.swift in Sources */,
				79FE29D3213DAD9500CE95CE /* AppDelegate.swift in Sources */,
				E9A8F403214B99FA0015EED5 /* DailySOSData.swift in Sources */,
				E9D652252141443C00B61425 /* GateKeeperTabBatController.swift in Sources */,
				E92FDB47215233A2003AEE58 /* HeaderViewViewController.swift in Sources */,
				79B49A8C213F11090010952B /* AllPageViewController.swift in Sources */,
				E97E212A21479CB300135CDA /* UserDetailView.swift in Sources */,
				E9FEF7062146A503006F72C8 /* PendingVisitTableViewCell.swift in Sources */,
				E98C4A56213FEF92006202FA /* UIImage+PS.swift in Sources */,
				E98C4A59213FEF92006202FA /* UIFont+PS.swift in Sources */,
				E9D6523321416D6700B61425 /* NewVisitViewController.swift in Sources */,
				E98C4A4D213FEE90006202FA /* HTTPClient.swift in Sources */,
				79F4CB052151777700D0D02B /* ResidentOTPViewController.swift in Sources */,
				E98C4A58213FEF92006202FA /* UIColor+PS.swift in Sources */,
				E95D1C892146B33900B3CC85 /* PendingVisitViewController.swift in Sources */,
				79F4CB012151746300D0D02B /* EventViewController.swift in Sources */,
				E92FDB392151637E003AEE58 /* ResidentData.swift in Sources */,
				79FE29DF213DC70400CE95CE /* ViewController.swift in Sources */,
				79FE29CE213DAD9500CE95CE /* VisitorBook.xcdatamodeld in Sources */,
				E9D652352141A04400B61425 /* NewVisitorData.swift in Sources */,
				E98C4A67213FFC5E006202FA /* AppIntializer.swift in Sources */,
				E9D652372141A74600B61425 /* VerifyOTPViewController.swift in Sources */,
				E98C4A7221402982006202FA /* VisitorUsers.swift in Sources */,
				79F4CAFD2151739B00D0D02B /* PageSegmentViewController.swift in Sources */,
				E92FDB3721516006003AEE58 /* ResidentDashboardData.swift in Sources */,
				E98C4A5C213FEF92006202FA /* NSDate+PS.swift in Sources */,
				E9929C94214AE6C50034550F /* DailySOSImageView.swift in Sources */,
				E9D9BF00214282FE0004FB6E /* VisitorDetailsViewController.swift in Sources */,
				E9929C83214AD4570034550F /* PasswordChangeViewController.swift in Sources */,
				79B49A90213F12610010952B /* UIViewController+PS.swift in Sources */,
			);
			runOnlyForDeploymentPostprocessing = 0;
		};
/* End PBXSourcesBuildPhase section */

/* Begin PBXVariantGroup section */
		79FE29C3213DAD9500CE95CE /* LaunchScreen.storyboard */ = {
			isa = PBXVariantGroup;
			children = (
				79FE29C4213DAD9500CE95CE /* Base */,
			);
			name = LaunchScreen.storyboard;
			sourceTree = "<group>";
		};
		79FE29C5213DAD9500CE95CE /* Main.storyboard */ = {
			isa = PBXVariantGroup;
			children = (
				79FE29C6213DAD9500CE95CE /* Base */,
			);
			name = Main.storyboard;
			sourceTree = "<group>";
		};
/* End PBXVariantGroup section */

/* Begin XCBuildConfiguration section */
		79FE29B7213DABAC00CE95CE /* Debug */ = {
			isa = XCBuildConfiguration;
			buildSettings = {
				ALWAYS_SEARCH_USER_PATHS = NO;
				CLANG_ANALYZER_NONNULL = YES;
				CLANG_ANALYZER_NUMBER_OBJECT_CONVERSION = YES_AGGRESSIVE;
				CLANG_CXX_LANGUAGE_STANDARD = "gnu++14";
				CLANG_CXX_LIBRARY = "libc++";
				CLANG_ENABLE_MODULES = YES;
				CLANG_ENABLE_OBJC_ARC = YES;
				CLANG_ENABLE_OBJC_WEAK = YES;
				CLANG_WARN_BLOCK_CAPTURE_AUTORELEASING = YES;
				CLANG_WARN_BOOL_CONVERSION = YES;
				CLANG_WARN_COMMA = YES;
				CLANG_WARN_CONSTANT_CONVERSION = YES;
				CLANG_WARN_DEPRECATED_OBJC_IMPLEMENTATIONS = YES;
				CLANG_WARN_DIRECT_OBJC_ISA_USAGE = YES_ERROR;
				CLANG_WARN_DOCUMENTATION_COMMENTS = YES;
				CLANG_WARN_EMPTY_BODY = YES;
				CLANG_WARN_ENUM_CONVERSION = YES;
				CLANG_WARN_INFINITE_RECURSION = YES;
				CLANG_WARN_INT_CONVERSION = YES;
				CLANG_WARN_NON_LITERAL_NULL_CONVERSION = YES;
				CLANG_WARN_OBJC_IMPLICIT_RETAIN_SELF = YES;
				CLANG_WARN_OBJC_LITERAL_CONVERSION = YES;
				CLANG_WARN_OBJC_ROOT_CLASS = YES_ERROR;
				CLANG_WARN_RANGE_LOOP_ANALYSIS = YES;
				CLANG_WARN_STRICT_PROTOTYPES = YES;
				CLANG_WARN_SUSPICIOUS_MOVE = YES;
				CLANG_WARN_UNGUARDED_AVAILABILITY = YES_AGGRESSIVE;
				CLANG_WARN_UNREACHABLE_CODE = YES;
				CLANG_WARN__DUPLICATE_METHOD_MATCH = YES;
				CODE_SIGN_IDENTITY = "iPhone Developer";
				COPY_PHASE_STRIP = NO;
				DEBUG_INFORMATION_FORMAT = dwarf;
				ENABLE_STRICT_OBJC_MSGSEND = YES;
				ENABLE_TESTABILITY = YES;
				GCC_C_LANGUAGE_STANDARD = gnu11;
				GCC_DYNAMIC_NO_PIC = NO;
				GCC_NO_COMMON_BLOCKS = YES;
				GCC_OPTIMIZATION_LEVEL = 0;
				GCC_PREPROCESSOR_DEFINITIONS = (
					"DEBUG=1",
					"$(inherited)",
				);
				GCC_WARN_64_TO_32_BIT_CONVERSION = YES;
				GCC_WARN_ABOUT_RETURN_TYPE = YES_ERROR;
				GCC_WARN_UNDECLARED_SELECTOR = YES;
				GCC_WARN_UNINITIALIZED_AUTOS = YES_AGGRESSIVE;
				GCC_WARN_UNUSED_FUNCTION = YES;
				GCC_WARN_UNUSED_VARIABLE = YES;
				IPHONEOS_DEPLOYMENT_TARGET = 11.4;
				MTL_ENABLE_DEBUG_INFO = YES;
				ONLY_ACTIVE_ARCH = YES;
				SDKROOT = iphoneos;
				SWIFT_ACTIVE_COMPILATION_CONDITIONS = DEBUG;
				SWIFT_OPTIMIZATION_LEVEL = "-Onone";
			};
			name = Debug;
		};
		79FE29B8213DABAC00CE95CE /* Release */ = {
			isa = XCBuildConfiguration;
			buildSettings = {
				ALWAYS_SEARCH_USER_PATHS = NO;
				CLANG_ANALYZER_NONNULL = YES;
				CLANG_ANALYZER_NUMBER_OBJECT_CONVERSION = YES_AGGRESSIVE;
				CLANG_CXX_LANGUAGE_STANDARD = "gnu++14";
				CLANG_CXX_LIBRARY = "libc++";
				CLANG_ENABLE_MODULES = YES;
				CLANG_ENABLE_OBJC_ARC = YES;
				CLANG_ENABLE_OBJC_WEAK = YES;
				CLANG_WARN_BLOCK_CAPTURE_AUTORELEASING = YES;
				CLANG_WARN_BOOL_CONVERSION = YES;
				CLANG_WARN_COMMA = YES;
				CLANG_WARN_CONSTANT_CONVERSION = YES;
				CLANG_WARN_DEPRECATED_OBJC_IMPLEMENTATIONS = YES;
				CLANG_WARN_DIRECT_OBJC_ISA_USAGE = YES_ERROR;
				CLANG_WARN_DOCUMENTATION_COMMENTS = YES;
				CLANG_WARN_EMPTY_BODY = YES;
				CLANG_WARN_ENUM_CONVERSION = YES;
				CLANG_WARN_INFINITE_RECURSION = YES;
				CLANG_WARN_INT_CONVERSION = YES;
				CLANG_WARN_NON_LITERAL_NULL_CONVERSION = YES;
				CLANG_WARN_OBJC_IMPLICIT_RETAIN_SELF = YES;
				CLANG_WARN_OBJC_LITERAL_CONVERSION = YES;
				CLANG_WARN_OBJC_ROOT_CLASS = YES_ERROR;
				CLANG_WARN_RANGE_LOOP_ANALYSIS = YES;
				CLANG_WARN_STRICT_PROTOTYPES = YES;
				CLANG_WARN_SUSPICIOUS_MOVE = YES;
				CLANG_WARN_UNGUARDED_AVAILABILITY = YES_AGGRESSIVE;
				CLANG_WARN_UNREACHABLE_CODE = YES;
				CLANG_WARN__DUPLICATE_METHOD_MATCH = YES;
				CODE_SIGN_IDENTITY = "iPhone Developer";
				COPY_PHASE_STRIP = NO;
				DEBUG_INFORMATION_FORMAT = "dwarf-with-dsym";
				ENABLE_NS_ASSERTIONS = NO;
				ENABLE_STRICT_OBJC_MSGSEND = YES;
				GCC_C_LANGUAGE_STANDARD = gnu11;
				GCC_NO_COMMON_BLOCKS = YES;
				GCC_WARN_64_TO_32_BIT_CONVERSION = YES;
				GCC_WARN_ABOUT_RETURN_TYPE = YES_ERROR;
				GCC_WARN_UNDECLARED_SELECTOR = YES;
				GCC_WARN_UNINITIALIZED_AUTOS = YES_AGGRESSIVE;
				GCC_WARN_UNUSED_FUNCTION = YES;
				GCC_WARN_UNUSED_VARIABLE = YES;
				IPHONEOS_DEPLOYMENT_TARGET = 11.4;
				MTL_ENABLE_DEBUG_INFO = NO;
				SDKROOT = iphoneos;
				SWIFT_COMPILATION_MODE = wholemodule;
				SWIFT_OPTIMIZATION_LEVEL = "-O";
				VALIDATE_PRODUCT = YES;
			};
			name = Release;
		};
		79FE29BA213DABAC00CE95CE /* Debug */ = {
			isa = XCBuildConfiguration;
			baseConfigurationReference = 40360B1922E8AAD2C2BA88F6 /* Pods-VisitorBook.debug.xcconfig */;
			buildSettings = {
				ASSETCATALOG_COMPILER_APPICON_NAME = AppIcon;
				CODE_SIGN_STYLE = Automatic;
				INFOPLIST_FILE = VisitorBook/Applications/Info.plist;
				LD_RUNPATH_SEARCH_PATHS = (
					"$(inherited)",
					"@executable_path/Frameworks",
				);
				PRODUCT_BUNDLE_IDENTIFIER = ayon.VisitorBook;
				PRODUCT_NAME = "$(TARGET_NAME)";
				SWIFT_VERSION = 4.0;
				TARGETED_DEVICE_FAMILY = "1,2";
			};
			name = Debug;
		};
		79FE29BB213DABAC00CE95CE /* Release */ = {
			isa = XCBuildConfiguration;
			baseConfigurationReference = 2E66423D006BD9857E3CDB4B /* Pods-VisitorBook.release.xcconfig */;
			buildSettings = {
				ASSETCATALOG_COMPILER_APPICON_NAME = AppIcon;
				CODE_SIGN_STYLE = Automatic;
				INFOPLIST_FILE = VisitorBook/Applications/Info.plist;
				LD_RUNPATH_SEARCH_PATHS = (
					"$(inherited)",
					"@executable_path/Frameworks",
				);
				PRODUCT_BUNDLE_IDENTIFIER = ayon.VisitorBook;
				PRODUCT_NAME = "$(TARGET_NAME)";
				SWIFT_VERSION = 4.0;
				TARGETED_DEVICE_FAMILY = "1,2";
			};
			name = Release;
		};
/* End XCBuildConfiguration section */

/* Begin XCConfigurationList section */
		79FE299F213DABAB00CE95CE /* Build configuration list for PBXProject "VisitorBook" */ = {
			isa = XCConfigurationList;
			buildConfigurations = (
				79FE29B7213DABAC00CE95CE /* Debug */,
				79FE29B8213DABAC00CE95CE /* Release */,
			);
			defaultConfigurationIsVisible = 0;
			defaultConfigurationName = Release;
		};
		79FE29B9213DABAC00CE95CE /* Build configuration list for PBXNativeTarget "VisitorBook" */ = {
			isa = XCConfigurationList;
			buildConfigurations = (
				79FE29BA213DABAC00CE95CE /* Debug */,
				79FE29BB213DABAC00CE95CE /* Release */,
			);
			defaultConfigurationIsVisible = 0;
			defaultConfigurationName = Release;
		};
/* End XCConfigurationList section */

/* Begin XCVersionGroup section */
		79FE29BF213DAD9500CE95CE /* VisitorBook.xcdatamodeld */ = {
			isa = XCVersionGroup;
			children = (
				79FE29C0213DAD9500CE95CE /* VisitorBook.xcdatamodel */,
			);
			currentVersion = 79FE29C0213DAD9500CE95CE /* VisitorBook.xcdatamodel */;
			path = VisitorBook.xcdatamodeld;
			sourceTree = "<group>";
			versionGroupType = wrapper.xcdatamodel;
		};
/* End XCVersionGroup section */
	};
	rootObject = 79FE299C213DABAB00CE95CE /* Project object */;
}
